
Microsoft Visual Studio Solution File, Format Version 12.00
# Visual Studio 15
Project("{FAE04EC0-301F-11D3-BF4B-00C04F79EFBC}") = "Unity.Timeline", "Unity.Timeline.csproj", "{B058ABD6-F227-0F05-515D-8F2FFDEEF3C7}"
EndProject
Project("{FAE04EC0-301F-11D3-BF4B-00C04F79EFBC}") = "Unity.2D.Animation.Editor", "Unity.2D.Animation.Editor.csproj", "{A048DE56-6C24-87A7-1C04-0CC4F07A0DAB}"
EndProject
Project("{FAE04EC0-301F-11D3-BF4B-00C04F79EFBC}") = "Unity.Timeline.Editor", "Unity.Timeline.Editor.csproj", "{7A15F3D1-5797-8BD9-CB1E-50DB86A3516C}"
EndProject
Project("{FAE04EC0-301F-11D3-BF4B-00C04F79EFBC}") = "Unity.2D.Tilemap.Editor", "Unity.2D.Tilemap.Editor.csproj", "{9E072F70-F575-2B24-4AA3-7E5AA6C039C4}"
EndProject
Project("{FAE04EC0-301F-11D3-BF4B-00C04F79EFBC}") = "Unity.TextMeshPro.Editor", "Unity.TextMeshPro.Editor.csproj", "{6B2573AC-DB67-CA31-A707-6F5B76658161}"
EndProject
Project("{FAE04EC0-301F-11D3-BF4B-00C04F79EFBC}") = "Unity.Burst", "Unity.Burst.csproj", "{8C555B58-5483-2054-30EF-D1CB8A1176B7}"
EndProject
Project("{FAE04EC0-301F-11D3-BF4B-00C04F79EFBC}") = "Unity.PlasticSCM.Editor", "Unity.PlasticSCM.Editor.csproj", "{C83F67E0-A325-4BA1-445C-6B67633742CC}"
EndProject
Project("{FAE04EC0-301F-11D3-BF4B-00C04F79EFBC}") = "UnityEditor.UI", "UnityEditor.UI.csproj", "{7C3858E6-0C8E-BE8D-DCC7-40DDEB8BA208}"
EndProject
Project("{FAE04EC0-301F-11D3-BF4B-00C04F79EFBC}") = "Unity.2D.Psdimporter.Editor", "Unity.2D.Psdimporter.Editor.csproj", "{A3BA71D6-2F07-1599-D78D-B46540E47F4C}"
EndProject
Project("{FAE04EC0-301F-11D3-BF4B-00C04F79EFBC}") = "Unity.2D.Sprite.Editor", "Unity.2D.Sprite.Editor.csproj", "{A5E71B47-8659-6927-D404-C00701576EE0}"
EndProject
Project("{FAE04EC0-301F-11D3-BF4B-00C04F79EFBC}") = "Unity.Mathematics", "Unity.Mathematics.csproj", "{70D3C3AE-098C-CF42-7255-3754557A4607}"
EndProject
Project("{FAE04EC0-301F-11D3-BF4B-00C04F79EFBC}") = "Unity.2D.PixelPerfect.Editor", "Unity.2D.PixelPerfect.Editor.csproj", "{29CF52B8-6483-0C11-B893-28135C8E31A7}"
EndProject
Project("{FAE04EC0-301F-11D3-BF4B-00C04F79EFBC}") = "Unity.2D.Common.Path.Editor", "Unity.2D.Common.Path.Editor.csproj", "{4FDD09C4-F505-5F99-8A59-8423364A9ED6}"
EndProject
Project("{FAE04EC0-301F-11D3-BF4B-00C04F79EFBC}") = "Cinemachine", "Cinemachine.csproj", "{ECFAF9C5-F438-0D64-FAB1-B02C075DFE05}"
EndProject
Project("{FAE04EC0-301F-11D3-BF4B-00C04F79EFBC}") = "Unity.2D.IK.Runtime", "Unity.2D.IK.Runtime.csproj", "{A73598C1-83BA-4509-5437-EB1E64052774}"
EndProject
Project("{FAE04EC0-301F-11D3-BF4B-00C04F79EFBC}") = "Assembly-CSharp", "Assembly-CSharp.csproj", "{CFC6EF4F-6510-7F59-0955-96A3B8883AC1}"
EndProject
Project("{FAE04EC0-301F-11D3-BF4B-00C04F79EFBC}") = "UnityEditor.TestRunner", "UnityEditor.TestRunner.csproj", "{D111F9D7-C114-C2FA-F896-661D330385F9}"
EndProject
Project("{FAE04EC0-301F-11D3-BF4B-00C04F79EFBC}") = "PsdPlugin", "PsdPlugin.csproj", "{DC92846E-7AEB-0093-A399-B6C00FFE2914}"
EndProject
Project("{FAE04EC0-301F-11D3-BF4B-00C04F79EFBC}") = "UnityEngine.TestRunner", "UnityEngine.TestRunner.csproj", "{25F3E697-2FC8-C0D7-2F7A-58440DD48EE9}"
EndProject
Project("{FAE04EC0-301F-11D3-BF4B-00C04F79EFBC}") = "UnityEngine.UI", "UnityEngine.UI.csproj", "{8B5D437D-DAC0-C8D3-778D-89EDC400CBF8}"
EndProject
Project("{FAE04EC0-301F-11D3-BF4B-00C04F79EFBC}") = "Unity.2D.IK.Editor", "Unity.2D.IK.Editor.csproj", "{25A9847E-A756-E40A-9592-E9639B705836}"
EndProject
Project("{FAE04EC0-301F-11D3-BF4B-00C04F79EFBC}") = "Unity.Rider.Editor", "Unity.Rider.Editor.csproj", "{52B8F728-C907-2B4F-0CE9-2DA4AF0CA29E}"
EndProject
Project("{FAE04EC0-301F-11D3-BF4B-00C04F79EFBC}") = "Unity.Collections", "Unity.Collections.csproj", "{14411D78-5B7E-19F7-143A-A01745E1E568}"
EndProject
Project("{FAE04EC0-301F-11D3-BF4B-00C04F79EFBC}") = "Unity.TextMeshPro", "Unity.TextMeshPro.csproj", "{5A7344E8-EFDD-FE6C-47B9-BF0260E5C778}"
EndProject
Project("{FAE04EC0-301F-11D3-BF4B-00C04F79EFBC}") = "Unity.AI.Navigation.Editor", "Unity.AI.Navigation.Editor.csproj", "{8A1FE6A0-FE38-661D-8154-1A3C357FAA7A}"
EndProject
Project("{FAE04EC0-301F-11D3-BF4B-00C04F79EFBC}") = "Unity.VisualStudio.Editor", "Unity.VisualStudio.Editor.csproj", "{C46FE88A-AE99-8572-F19C-4D882378C02C}"
EndProject
Project("{FAE04EC0-301F-11D3-BF4B-00C04F79EFBC}") = "Unity.2D.SpriteShape.Editor", "Unity.2D.SpriteShape.Editor.csproj", "{F2E1982D-E6B4-E647-D333-0C422059888E}"
EndProject
Project("{FAE04EC0-301F-11D3-BF4B-00C04F79EFBC}") = "com.unity.cinemachine.editor", "com.unity.cinemachine.editor.csproj", "{F703BD78-9D5A-3E5F-C903-1F1A819D4A71}"
EndProject
Project("{FAE04EC0-301F-11D3-BF4B-00C04F79EFBC}") = "Unity.2D.PixelPerfect", "Unity.2D.PixelPerfect.csproj", "{20A76254-4B18-7E22-2C34-20F47F043A8F}"
EndProject
Project("{FAE04EC0-301F-11D3-BF4B-00C04F79EFBC}") = "Unity.InternalAPIEditorBridge.001", "Unity.InternalAPIEditorBridge.001.csproj", "{4B00EE62-CB0B-592E-B3C1-B8A0B07C93CB}"
EndProject
Project("{FAE04EC0-301F-11D3-BF4B-00C04F79EFBC}") = "Unity.2D.SpriteShape.Runtime", "Unity.2D.SpriteShape.Runtime.csproj", "{34CE4BDD-9502-821A-6464-FE3DAB838F7C}"
EndProject
Project("{FAE04EC0-301F-11D3-BF4B-00C04F79EFBC}") = "Unity.AI.Navigation", "Unity.AI.Navigation.csproj", "{B8EE942E-8E76-0807-D994-286E5B0EFB6F}"
EndProject
Project("{FAE04EC0-301F-11D3-BF4B-00C04F79EFBC}") = "Unity.2D.Animation.Runtime", "Unity.2D.Animation.Runtime.csproj", "{49113B0B-C0FE-5218-BE28-43F0054E8B0A}"
EndProject
Project("{FAE04EC0-301F-11D3-BF4B-00C04F79EFBC}") = "Unity.AI.Navigation.Editor.ConversionSystem", "Unity.AI.Navigation.Editor.ConversionSystem.csproj", "{0DA5EE04-0253-9722-0A73-BD829AFC6B4E}"
EndProject
Project("{FAE04EC0-301F-11D3-BF4B-00C04F79EFBC}") = "Unity.Burst.CodeGen", "Unity.Burst.CodeGen.csproj", "{1E4736FA-C209-09EE-77CD-4592734AD86F}"
EndProject
Project("{FAE04EC0-301F-11D3-BF4B-00C04F79EFBC}") = "Unity.Burst.Editor", "Unity.Burst.Editor.csproj", "{8E373C69-03E2-1A84-3DD2-D51EF5214C2B}"
EndProject
Project("{FAE04EC0-301F-11D3-BF4B-00C04F79EFBC}") = "Unity.Collections.BurstCompatibilityGen", "Unity.Collections.BurstCompatibilityGen.csproj", "{084B9BB1-7531-6C7B-D1E5-5351636E4396}"
EndProject
Project("{FAE04EC0-301F-11D3-BF4B-00C04F79EFBC}") = "Unity.VSCode.Editor", "Unity.VSCode.Editor.csproj", "{74F1A212-258A-EA80-AEF2-D4B72E0A5B32}"
EndProject
Project("{FAE04EC0-301F-11D3-BF4B-00C04F79EFBC}") = "Unity.InternalAPIEngineBridge.001", "Unity.InternalAPIEngineBridge.001.csproj", "{48DD4450-6FE3-9B99-E4EB-5B1BDD979467}"
EndProject
Project("{FAE04EC0-301F-11D3-BF4B-00C04F79EFBC}") = "Unity.2D.Common.Editor", "Unity.2D.Common.Editor.csproj", "{33650C06-30A2-FC9D-56A4-05A57ECBC1A0}"
EndProject
Project("{FAE04EC0-301F-11D3-BF4B-00C04F79EFBC}") = "Unity.AI.Navigation.Updater", "Unity.AI.Navigation.Updater.csproj", "{284BEF0E-4E9B-690C-5CF9-EEE336C05FF8}"
EndProject
Project("{FAE04EC0-301F-11D3-BF4B-00C04F79EFBC}") = "Unity.2D.Common.Runtime", "Unity.2D.Common.Runtime.csproj", "{310A89F9-E9EF-0347-F9B7-720A9EA90D01}"
EndProject
Project("{FAE04EC0-301F-11D3-BF4B-00C04F79EFBC}") = "Unity.Collections.DocCodeSamples", "Unity.Collections.DocCodeSamples.csproj", "{BCFDE019-A1AE-315B-0956-8BF609DBC790}"
EndProject
Project("{FAE04EC0-301F-11D3-BF4B-00C04F79EFBC}") = "Unity.CollabProxy.Editor", "Unity.CollabProxy.Editor.csproj", "{61C89FDF-8406-C305-80E8-A1E31A1F5C64}"
EndProject
Project("{FAE04EC0-301F-11D3-BF4B-00C04F79EFBC}") = "Assembly-CSharp-Editor", "Assembly-CSharp-Editor.csproj", "{EACCCE82-BBCB-3E1E-3BD9-67B74D897D52}"
EndProject
Project("{FAE04EC0-301F-11D3-BF4B-00C04F79EFBC}") = "Unity.Mathematics.Editor", "Unity.Mathematics.Editor.csproj", "{AFC6B0C5-E516-57F4-CFC4-5DD4B6842E8D}"
EndProject
Project("{FAE04EC0-301F-11D3-BF4B-00C04F79EFBC}") = "Unity.Timeline", "Unity.Timeline.Player.csproj", "{5235E271-12B0-7385-AC1C-2B453C34B713}"
EndProject
Project("{FAE04EC0-301F-11D3-BF4B-00C04F79EFBC}") = "Unity.Burst", "Unity.Burst.Player.csproj", "{5E39F09A-99D9-CB3E-9F2C-C65E4569E464}"
EndProject
Project("{FAE04EC0-301F-11D3-BF4B-00C04F79EFBC}") = "Unity.Mathematics", "Unity.Mathematics.Player.csproj", "{1EED2777-DC47-9DED-B669-F24ECEC295FD}"
EndProject
Project("{FAE04EC0-301F-11D3-BF4B-00C04F79EFBC}") = "Cinemachine", "Cinemachine.Player.csproj", "{5CA84582-B64C-8E17-D433-4D6B8CF8818E}"
EndProject
Project("{FAE04EC0-301F-11D3-BF4B-00C04F79EFBC}") = "Unity.2D.IK.Runtime", "Unity.2D.IK.Runtime.Player.csproj", "{E799379C-E607-6F88-48F9-02506E43C40A}"
EndProject
Project("{FAE04EC0-301F-11D3-BF4B-00C04F79EFBC}") = "Assembly-CSharp", "Assembly-CSharp.Player.csproj", "{3AA4821C-5724-E89E-2662-E643A3B5669B}"
EndProject
Project("{FAE04EC0-301F-11D3-BF4B-00C04F79EFBC}") = "UnityEngine.TestRunner", "UnityEngine.TestRunner.Player.csproj", "{344A974B-7BAE-94FC-2851-D69AF02D71F2}"
EndProject
Project("{FAE04EC0-301F-11D3-BF4B-00C04F79EFBC}") = "UnityEngine.UI", "UnityEngine.UI.Player.csproj", "{8FB11B0D-C33A-E45F-30A2-99434C7774AA}"
EndProject
Project("{FAE04EC0-301F-11D3-BF4B-00C04F79EFBC}") = "Unity.Collections", "Unity.Collections.Player.csproj", "{36BC5870-F26E-EEAB-0B2D-2BE784B3844A}"
EndProject
Project("{FAE04EC0-301F-11D3-BF4B-00C04F79EFBC}") = "Unity.TextMeshPro", "Unity.TextMeshPro.Player.csproj", "{8E76CE4A-D718-17DF-1EDC-8213CA5756A8}"
EndProject
Project("{FAE04EC0-301F-11D3-BF4B-00C04F79EFBC}") = "Unity.2D.PixelPerfect", "Unity.2D.PixelPerfect.Player.csproj", "{10B01D18-B85F-4174-AC38-AEA20F58745A}"
EndProject
Project("{FAE04EC0-301F-11D3-BF4B-00C04F79EFBC}") = "Unity.2D.SpriteShape.Runtime", "Unity.2D.SpriteShape.Runtime.Player.csproj", "{31131A91-777F-9D97-AB2F-9E70D4D66788}"
EndProject
Project("{FAE04EC0-301F-11D3-BF4B-00C04F79EFBC}") = "Unity.AI.Navigation", "Unity.AI.Navigation.Player.csproj", "{4AD3131A-A873-0022-2E54-2F9255A4D928}"
EndProject
Project("{FAE04EC0-301F-11D3-BF4B-00C04F79EFBC}") = "Unity.2D.Animation.Runtime", "Unity.2D.Animation.Runtime.Player.csproj", "{9911B98D-7630-8745-112F-93B528247AF7}"
EndProject
Project("{FAE04EC0-301F-11D3-BF4B-00C04F79EFBC}") = "Unity.InternalAPIEngineBridge.001", "Unity.InternalAPIEngineBridge.001.Player.csproj", "{3801DFF1-A213-5651-B79A-BCE1627B238C}"
EndProject
Project("{FAE04EC0-301F-11D3-BF4B-00C04F79EFBC}") = "Unity.2D.Common.Runtime", "Unity.2D.Common.Runtime.Player.csproj", "{16BA1691-FDA7-9682-FCCA-D6CFB6C060A3}"
EndProject
Global
	GlobalSection(SolutionConfigurationPlatforms) = preSolution
		Debug|Any CPU = Debug|Any CPU
		Release|Any CPU = Release|Any CPU
	EndGlobalSection
	GlobalSection(ProjectConfigurationPlatforms) = postSolution
		{B058ABD6-F227-0F05-515D-8F2FFDEEF3C7}.Debug|Any CPU.ActiveCfg = Debug|Any CPU
		{B058ABD6-F227-0F05-515D-8F2FFDEEF3C7}.Debug|Any CPU.Build.0 = Debug|Any CPU
		{B058ABD6-F227-0F05-515D-8F2FFDEEF3C7}.Release|Any CPU.ActiveCfg = Release|Any CPU
		{B058ABD6-F227-0F05-515D-8F2FFDEEF3C7}.Release|Any CPU.Build.0 = Release|Any CPU
		{A048DE56-6C24-87A7-1C04-0CC4F07A0DAB}.Debug|Any CPU.ActiveCfg = Debug|Any CPU
		{A048DE56-6C24-87A7-1C04-0CC4F07A0DAB}.Debug|Any CPU.Build.0 = Debug|Any CPU
		{A048DE56-6C24-87A7-1C04-0CC4F07A0DAB}.Release|Any CPU.ActiveCfg = Release|Any CPU
		{A048DE56-6C24-87A7-1C04-0CC4F07A0DAB}.Release|Any CPU.Build.0 = Release|Any CPU
		{7A15F3D1-5797-8BD9-CB1E-50DB86A3516C}.Debug|Any CPU.ActiveCfg = Debug|Any CPU
		{7A15F3D1-5797-8BD9-CB1E-50DB86A3516C}.Debug|Any CPU.Build.0 = Debug|Any CPU
		{7A15F3D1-5797-8BD9-CB1E-50DB86A3516C}.Release|Any CPU.ActiveCfg = Release|Any CPU
		{7A15F3D1-5797-8BD9-CB1E-50DB86A3516C}.Release|Any CPU.Build.0 = Release|Any CPU
		{9E072F70-F575-2B24-4AA3-7E5AA6C039C4}.Debug|Any CPU.ActiveCfg = Debug|Any CPU
		{9E072F70-F575-2B24-4AA3-7E5AA6C039C4}.Debug|Any CPU.Build.0 = Debug|Any CPU
		{9E072F70-F575-2B24-4AA3-7E5AA6C039C4}.Release|Any CPU.ActiveCfg = Release|Any CPU
		{9E072F70-F575-2B24-4AA3-7E5AA6C039C4}.Release|Any CPU.Build.0 = Release|Any CPU
		{6B2573AC-DB67-CA31-A707-6F5B76658161}.Debug|Any CPU.ActiveCfg = Debug|Any CPU
		{6B2573AC-DB67-CA31-A707-6F5B76658161}.Debug|Any CPU.Build.0 = Debug|Any CPU
		{6B2573AC-DB67-CA31-A707-6F5B76658161}.Release|Any CPU.ActiveCfg = Release|Any CPU
		{6B2573AC-DB67-CA31-A707-6F5B76658161}.Release|Any CPU.Build.0 = Release|Any CPU
		{8C555B58-5483-2054-30EF-D1CB8A1176B7}.Debug|Any CPU.ActiveCfg = Debug|Any CPU
		{8C555B58-5483-2054-30EF-D1CB8A1176B7}.Debug|Any CPU.Build.0 = Debug|Any CPU
		{8C555B58-5483-2054-30EF-D1CB8A1176B7}.Release|Any CPU.ActiveCfg = Release|Any CPU
		{8C555B58-5483-2054-30EF-D1CB8A1176B7}.Release|Any CPU.Build.0 = Release|Any CPU
		{C83F67E0-A325-4BA1-445C-6B67633742CC}.Debug|Any CPU.ActiveCfg = Debug|Any CPU
		{C83F67E0-A325-4BA1-445C-6B67633742CC}.Debug|Any CPU.Build.0 = Debug|Any CPU
		{C83F67E0-A325-4BA1-445C-6B67633742CC}.Release|Any CPU.ActiveCfg = Release|Any CPU
		{C83F67E0-A325-4BA1-445C-6B67633742CC}.Release|Any CPU.Build.0 = Release|Any CPU
		{7C3858E6-0C8E-BE8D-DCC7-40DDEB8BA208}.Debug|Any CPU.ActiveCfg = Debug|Any CPU
		{7C3858E6-0C8E-BE8D-DCC7-40DDEB8BA208}.Debug|Any CPU.Build.0 = Debug|Any CPU
		{7C3858E6-0C8E-BE8D-DCC7-40DDEB8BA208}.Release|Any CPU.ActiveCfg = Release|Any CPU
		{7C3858E6-0C8E-BE8D-DCC7-40DDEB8BA208}.Release|Any CPU.Build.0 = Release|Any CPU
		{A3BA71D6-2F07-1599-D78D-B46540E47F4C}.Debug|Any CPU.ActiveCfg = Debug|Any CPU
		{A3BA71D6-2F07-1599-D78D-B46540E47F4C}.Debug|Any CPU.Build.0 = Debug|Any CPU
		{A3BA71D6-2F07-1599-D78D-B46540E47F4C}.Release|Any CPU.ActiveCfg = Release|Any CPU
		{A3BA71D6-2F07-1599-D78D-B46540E47F4C}.Release|Any CPU.Build.0 = Release|Any CPU
		{A5E71B47-8659-6927-D404-C00701576EE0}.Debug|Any CPU.ActiveCfg = Debug|Any CPU
		{A5E71B47-8659-6927-D404-C00701576EE0}.Debug|Any CPU.Build.0 = Debug|Any CPU
		{A5E71B47-8659-6927-D404-C00701576EE0}.Release|Any CPU.ActiveCfg = Release|Any CPU
		{A5E71B47-8659-6927-D404-C00701576EE0}.Release|Any CPU.Build.0 = Release|Any CPU
		{70D3C3AE-098C-CF42-7255-3754557A4607}.Debug|Any CPU.ActiveCfg = Debug|Any CPU
		{70D3C3AE-098C-CF42-7255-3754557A4607}.Debug|Any CPU.Build.0 = Debug|Any CPU
		{70D3C3AE-098C-CF42-7255-3754557A4607}.Release|Any CPU.ActiveCfg = Release|Any CPU
		{70D3C3AE-098C-CF42-7255-3754557A4607}.Release|Any CPU.Build.0 = Release|Any CPU
		{29CF52B8-6483-0C11-B893-28135C8E31A7}.Debug|Any CPU.ActiveCfg = Debug|Any CPU
		{29CF52B8-6483-0C11-B893-28135C8E31A7}.Debug|Any CPU.Build.0 = Debug|Any CPU
		{29CF52B8-6483-0C11-B893-28135C8E31A7}.Release|Any CPU.ActiveCfg = Release|Any CPU
		{29CF52B8-6483-0C11-B893-28135C8E31A7}.Release|Any CPU.Build.0 = Release|Any CPU
		{4FDD09C4-F505-5F99-8A59-8423364A9ED6}.Debug|Any CPU.ActiveCfg = Debug|Any CPU
		{4FDD09C4-F505-5F99-8A59-8423364A9ED6}.Debug|Any CPU.Build.0 = Debug|Any CPU
		{4FDD09C4-F505-5F99-8A59-8423364A9ED6}.Release|Any CPU.ActiveCfg = Release|Any CPU
		{4FDD09C4-F505-5F99-8A59-8423364A9ED6}.Release|Any CPU.Build.0 = Release|Any CPU
		{ECFAF9C5-F438-0D64-FAB1-B02C075DFE05}.Debug|Any CPU.ActiveCfg = Debug|Any CPU
		{ECFAF9C5-F438-0D64-FAB1-B02C075DFE05}.Debug|Any CPU.Build.0 = Debug|Any CPU
		{ECFAF9C5-F438-0D64-FAB1-B02C075DFE05}.Release|Any CPU.ActiveCfg = Release|Any CPU
		{ECFAF9C5-F438-0D64-FAB1-B02C075DFE05}.Release|Any CPU.Build.0 = Release|Any CPU
		{A73598C1-83BA-4509-5437-EB1E64052774}.Debug|Any CPU.ActiveCfg = Debug|Any CPU
		{A73598C1-83BA-4509-5437-EB1E64052774}.Debug|Any CPU.Build.0 = Debug|Any CPU
		{A73598C1-83BA-4509-5437-EB1E64052774}.Release|Any CPU.ActiveCfg = Release|Any CPU
		{A73598C1-83BA-4509-5437-EB1E64052774}.Release|Any CPU.Build.0 = Release|Any CPU
		{CFC6EF4F-6510-7F59-0955-96A3B8883AC1}.Debug|Any CPU.ActiveCfg = Debug|Any CPU
		{CFC6EF4F-6510-7F59-0955-96A3B8883AC1}.Debug|Any CPU.Build.0 = Debug|Any CPU
		{CFC6EF4F-6510-7F59-0955-96A3B8883AC1}.Release|Any CPU.ActiveCfg = Release|Any CPU
		{CFC6EF4F-6510-7F59-0955-96A3B8883AC1}.Release|Any CPU.Build.0 = Release|Any CPU
		{D111F9D7-C114-C2FA-F896-661D330385F9}.Debug|Any CPU.ActiveCfg = Debug|Any CPU
		{D111F9D7-C114-C2FA-F896-661D330385F9}.Debug|Any CPU.Build.0 = Debug|Any CPU
		{D111F9D7-C114-C2FA-F896-661D330385F9}.Release|Any CPU.ActiveCfg = Release|Any CPU
		{D111F9D7-C114-C2FA-F896-661D330385F9}.Release|Any CPU.Build.0 = Release|Any CPU
		{DC92846E-7AEB-0093-A399-B6C00FFE2914}.Debug|Any CPU.ActiveCfg = Debug|Any CPU
		{DC92846E-7AEB-0093-A399-B6C00FFE2914}.Debug|Any CPU.Build.0 = Debug|Any CPU
		{DC92846E-7AEB-0093-A399-B6C00FFE2914}.Release|Any CPU.ActiveCfg = Release|Any CPU
		{DC92846E-7AEB-0093-A399-B6C00FFE2914}.Release|Any CPU.Build.0 = Release|Any CPU
		{25F3E697-2FC8-C0D7-2F7A-58440DD48EE9}.Debug|Any CPU.ActiveCfg = Debug|Any CPU
		{25F3E697-2FC8-C0D7-2F7A-58440DD48EE9}.Debug|Any CPU.Build.0 = Debug|Any CPU
		{25F3E697-2FC8-C0D7-2F7A-58440DD48EE9}.Release|Any CPU.ActiveCfg = Release|Any CPU
		{25F3E697-2FC8-C0D7-2F7A-58440DD48EE9}.Release|Any CPU.Build.0 = Release|Any CPU
		{8B5D437D-DAC0-C8D3-778D-89EDC400CBF8}.Debug|Any CPU.ActiveCfg = Debug|Any CPU
		{8B5D437D-DAC0-C8D3-778D-89EDC400CBF8}.Debug|Any CPU.Build.0 = Debug|Any CPU
		{8B5D437D-DAC0-C8D3-778D-89EDC400CBF8}.Release|Any CPU.ActiveCfg = Release|Any CPU
		{8B5D437D-DAC0-C8D3-778D-89EDC400CBF8}.Release|Any CPU.Build.0 = Release|Any CPU
		{25A9847E-A756-E40A-9592-E9639B705836}.Debug|Any CPU.ActiveCfg = Debug|Any CPU
		{25A9847E-A756-E40A-9592-E9639B705836}.Debug|Any CPU.Build.0 = Debug|Any CPU
		{25A9847E-A756-E40A-9592-E9639B705836}.Release|Any CPU.ActiveCfg = Release|Any CPU
		{25A9847E-A756-E40A-9592-E9639B705836}.Release|Any CPU.Build.0 = Release|Any CPU
		{52B8F728-C907-2B4F-0CE9-2DA4AF0CA29E}.Debug|Any CPU.ActiveCfg = Debug|Any CPU
		{52B8F728-C907-2B4F-0CE9-2DA4AF0CA29E}.Debug|Any CPU.Build.0 = Debug|Any CPU
		{52B8F728-C907-2B4F-0CE9-2DA4AF0CA29E}.Release|Any CPU.ActiveCfg = Release|Any CPU
		{52B8F728-C907-2B4F-0CE9-2DA4AF0CA29E}.Release|Any CPU.Build.0 = Release|Any CPU
		{14411D78-5B7E-19F7-143A-A01745E1E568}.Debug|Any CPU.ActiveCfg = Debug|Any CPU
		{14411D78-5B7E-19F7-143A-A01745E1E568}.Debug|Any CPU.Build.0 = Debug|Any CPU
		{14411D78-5B7E-19F7-143A-A01745E1E568}.Release|Any CPU.ActiveCfg = Release|Any CPU
		{14411D78-5B7E-19F7-143A-A01745E1E568}.Release|Any CPU.Build.0 = Release|Any CPU
		{5A7344E8-EFDD-FE6C-47B9-BF0260E5C778}.Debug|Any CPU.ActiveCfg = Debug|Any CPU
		{5A7344E8-EFDD-FE6C-47B9-BF0260E5C778}.Debug|Any CPU.Build.0 = Debug|Any CPU
		{5A7344E8-EFDD-FE6C-47B9-BF0260E5C778}.Release|Any CPU.ActiveCfg = Release|Any CPU
		{5A7344E8-EFDD-FE6C-47B9-BF0260E5C778}.Release|Any CPU.Build.0 = Release|Any CPU
		{8A1FE6A0-FE38-661D-8154-1A3C357FAA7A}.Debug|Any CPU.ActiveCfg = Debug|Any CPU
		{8A1FE6A0-FE38-661D-8154-1A3C357FAA7A}.Debug|Any CPU.Build.0 = Debug|Any CPU
		{8A1FE6A0-FE38-661D-8154-1A3C357FAA7A}.Release|Any CPU.ActiveCfg = Release|Any CPU
		{8A1FE6A0-FE38-661D-8154-1A3C357FAA7A}.Release|Any CPU.Build.0 = Release|Any CPU
		{C46FE88A-AE99-8572-F19C-4D882378C02C}.Debug|Any CPU.ActiveCfg = Debug|Any CPU
		{C46FE88A-AE99-8572-F19C-4D882378C02C}.Debug|Any CPU.Build.0 = Debug|Any CPU
		{C46FE88A-AE99-8572-F19C-4D882378C02C}.Release|Any CPU.ActiveCfg = Release|Any CPU
		{C46FE88A-AE99-8572-F19C-4D882378C02C}.Release|Any CPU.Build.0 = Release|Any CPU
		{F2E1982D-E6B4-E647-D333-0C422059888E}.Debug|Any CPU.ActiveCfg = Debug|Any CPU
		{F2E1982D-E6B4-E647-D333-0C422059888E}.Debug|Any CPU.Build.0 = Debug|Any CPU
		{F2E1982D-E6B4-E647-D333-0C422059888E}.Release|Any CPU.ActiveCfg = Release|Any CPU
		{F2E1982D-E6B4-E647-D333-0C422059888E}.Release|Any CPU.Build.0 = Release|Any CPU
		{F703BD78-9D5A-3E5F-C903-1F1A819D4A71}.Debug|Any CPU.ActiveCfg = Debug|Any CPU
		{F703BD78-9D5A-3E5F-C903-1F1A819D4A71}.Debug|Any CPU.Build.0 = Debug|Any CPU
		{F703BD78-9D5A-3E5F-C903-1F1A819D4A71}.Release|Any CPU.ActiveCfg = Release|Any CPU
		{F703BD78-9D5A-3E5F-C903-1F1A819D4A71}.Release|Any CPU.Build.0 = Release|Any CPU
		{20A76254-4B18-7E22-2C34-20F47F043A8F}.Debug|Any CPU.ActiveCfg = Debug|Any CPU
		{20A76254-4B18-7E22-2C34-20F47F043A8F}.Debug|Any CPU.Build.0 = Debug|Any CPU
		{20A76254-4B18-7E22-2C34-20F47F043A8F}.Release|Any CPU.ActiveCfg = Release|Any CPU
		{20A76254-4B18-7E22-2C34-20F47F043A8F}.Release|Any CPU.Build.0 = Release|Any CPU
		{4B00EE62-CB0B-592E-B3C1-B8A0B07C93CB}.Debug|Any CPU.ActiveCfg = Debug|Any CPU
		{4B00EE62-CB0B-592E-B3C1-B8A0B07C93CB}.Debug|Any CPU.Build.0 = Debug|Any CPU
		{4B00EE62-CB0B-592E-B3C1-B8A0B07C93CB}.Release|Any CPU.ActiveCfg = Release|Any CPU
		{4B00EE62-CB0B-592E-B3C1-B8A0B07C93CB}.Release|Any CPU.Build.0 = Release|Any CPU
		{34CE4BDD-9502-821A-6464-FE3DAB838F7C}.Debug|Any CPU.ActiveCfg = Debug|Any CPU
		{34CE4BDD-9502-821A-6464-FE3DAB838F7C}.Debug|Any CPU.Build.0 = Debug|Any CPU
		{34CE4BDD-9502-821A-6464-FE3DAB838F7C}.Release|Any CPU.ActiveCfg = Release|Any CPU
		{34CE4BDD-9502-821A-6464-FE3DAB838F7C}.Release|Any CPU.Build.0 = Release|Any CPU
		{B8EE942E-8E76-0807-D994-286E5B0EFB6F}.Debug|Any CPU.ActiveCfg = Debug|Any CPU
		{B8EE942E-8E76-0807-D994-286E5B0EFB6F}.Debug|Any CPU.Build.0 = Debug|Any CPU
		{B8EE942E-8E76-0807-D994-286E5B0EFB6F}.Release|Any CPU.ActiveCfg = Release|Any CPU
		{B8EE942E-8E76-0807-D994-286E5B0EFB6F}.Release|Any CPU.Build.0 = Release|Any CPU
		{49113B0B-C0FE-5218-BE28-43F0054E8B0A}.Debug|Any CPU.ActiveCfg = Debug|Any CPU
		{49113B0B-C0FE-5218-BE28-43F0054E8B0A}.Debug|Any CPU.Build.0 = Debug|Any CPU
		{49113B0B-C0FE-5218-BE28-43F0054E8B0A}.Release|Any CPU.ActiveCfg = Release|Any CPU
		{49113B0B-C0FE-5218-BE28-43F0054E8B0A}.Release|Any CPU.Build.0 = Release|Any CPU
		{0DA5EE04-0253-9722-0A73-BD829AFC6B4E}.Debug|Any CPU.ActiveCfg = Debug|Any CPU
		{0DA5EE04-0253-9722-0A73-BD829AFC6B4E}.Debug|Any CPU.Build.0 = Debug|Any CPU
		{0DA5EE04-0253-9722-0A73-BD829AFC6B4E}.Release|Any CPU.ActiveCfg = Release|Any CPU
		{0DA5EE04-0253-9722-0A73-BD829AFC6B4E}.Release|Any CPU.Build.0 = Release|Any CPU
		{1E4736FA-C209-09EE-77CD-4592734AD86F}.Debug|Any CPU.ActiveCfg = Debug|Any CPU
		{1E4736FA-C209-09EE-77CD-4592734AD86F}.Debug|Any CPU.Build.0 = Debug|Any CPU
		{1E4736FA-C209-09EE-77CD-4592734AD86F}.Release|Any CPU.ActiveCfg = Release|Any CPU
		{1E4736FA-C209-09EE-77CD-4592734AD86F}.Release|Any CPU.Build.0 = Release|Any CPU
		{8E373C69-03E2-1A84-3DD2-D51EF5214C2B}.Debug|Any CPU.ActiveCfg = Debug|Any CPU
		{8E373C69-03E2-1A84-3DD2-D51EF5214C2B}.Debug|Any CPU.Build.0 = Debug|Any CPU
		{8E373C69-03E2-1A84-3DD2-D51EF5214C2B}.Release|Any CPU.ActiveCfg = Release|Any CPU
		{8E373C69-03E2-1A84-3DD2-D51EF5214C2B}.Release|Any CPU.Build.0 = Release|Any CPU
		{084B9BB1-7531-6C7B-D1E5-5351636E4396}.Debug|Any CPU.ActiveCfg = Debug|Any CPU
		{084B9BB1-7531-6C7B-D1E5-5351636E4396}.Debug|Any CPU.Build.0 = Debug|Any CPU
		{084B9BB1-7531-6C7B-D1E5-5351636E4396}.Release|Any CPU.ActiveCfg = Release|Any CPU
		{084B9BB1-7531-6C7B-D1E5-5351636E4396}.Release|Any CPU.Build.0 = Release|Any CPU
		{74F1A212-258A-EA80-AEF2-D4B72E0A5B32}.Debug|Any CPU.ActiveCfg = Debug|Any CPU
		{74F1A212-258A-EA80-AEF2-D4B72E0A5B32}.Debug|Any CPU.Build.0 = Debug|Any CPU
		{74F1A212-258A-EA80-AEF2-D4B72E0A5B32}.Release|Any CPU.ActiveCfg = Release|Any CPU
		{74F1A212-258A-EA80-AEF2-D4B72E0A5B32}.Release|Any CPU.Build.0 = Release|Any CPU
		{48DD4450-6FE3-9B99-E4EB-5B1BDD979467}.Debug|Any CPU.ActiveCfg = Debug|Any CPU
		{48DD4450-6FE3-9B99-E4EB-5B1BDD979467}.Debug|Any CPU.Build.0 = Debug|Any CPU
		{48DD4450-6FE3-9B99-E4EB-5B1BDD979467}.Release|Any CPU.ActiveCfg = Release|Any CPU
		{48DD4450-6FE3-9B99-E4EB-5B1BDD979467}.Release|Any CPU.Build.0 = Release|Any CPU
		{33650C06-30A2-FC9D-56A4-05A57ECBC1A0}.Debug|Any CPU.ActiveCfg = Debug|Any CPU
		{33650C06-30A2-FC9D-56A4-05A57ECBC1A0}.Debug|Any CPU.Build.0 = Debug|Any CPU
		{33650C06-30A2-FC9D-56A4-05A57ECBC1A0}.Release|Any CPU.ActiveCfg = Release|Any CPU
		{33650C06-30A2-FC9D-56A4-05A57ECBC1A0}.Release|Any CPU.Build.0 = Release|Any CPU
		{284BEF0E-4E9B-690C-5CF9-EEE336C05FF8}.Debug|Any CPU.ActiveCfg = Debug|Any CPU
		{284BEF0E-4E9B-690C-5CF9-EEE336C05FF8}.Debug|Any CPU.Build.0 = Debug|Any CPU
		{284BEF0E-4E9B-690C-5CF9-EEE336C05FF8}.Release|Any CPU.ActiveCfg = Release|Any CPU
		{284BEF0E-4E9B-690C-5CF9-EEE336C05FF8}.Release|Any CPU.Build.0 = Release|Any CPU
		{310A89F9-E9EF-0347-F9B7-720A9EA90D01}.Debug|Any CPU.ActiveCfg = Debug|Any CPU
		{310A89F9-E9EF-0347-F9B7-720A9EA90D01}.Debug|Any CPU.Build.0 = Debug|Any CPU
		{310A89F9-E9EF-0347-F9B7-720A9EA90D01}.Release|Any CPU.ActiveCfg = Release|Any CPU
		{310A89F9-E9EF-0347-F9B7-720A9EA90D01}.Release|Any CPU.Build.0 = Release|Any CPU
		{BCFDE019-A1AE-315B-0956-8BF609DBC790}.Debug|Any CPU.ActiveCfg = Debug|Any CPU
		{BCFDE019-A1AE-315B-0956-8BF609DBC790}.Debug|Any CPU.Build.0 = Debug|Any CPU
		{BCFDE019-A1AE-315B-0956-8BF609DBC790}.Release|Any CPU.ActiveCfg = Release|Any CPU
		{BCFDE019-A1AE-315B-0956-8BF609DBC790}.Release|Any CPU.Build.0 = Release|Any CPU
		{61C89FDF-8406-C305-80E8-A1E31A1F5C64}.Debug|Any CPU.ActiveCfg = Debug|Any CPU
		{61C89FDF-8406-C305-80E8-A1E31A1F5C64}.Debug|Any CPU.Build.0 = Debug|Any CPU
		{61C89FDF-8406-C305-80E8-A1E31A1F5C64}.Release|Any CPU.ActiveCfg = Release|Any CPU
		{61C89FDF-8406-C305-80E8-A1E31A1F5C64}.Release|Any CPU.Build.0 = Release|Any CPU
		{EACCCE82-BBCB-3E1E-3BD9-67B74D897D52}.Debug|Any CPU.ActiveCfg = Debug|Any CPU
		{EACCCE82-BBCB-3E1E-3BD9-67B74D897D52}.Debug|Any CPU.Build.0 = Debug|Any CPU
		{EACCCE82-BBCB-3E1E-3BD9-67B74D897D52}.Release|Any CPU.ActiveCfg = Release|Any CPU
		{EACCCE82-BBCB-3E1E-3BD9-67B74D897D52}.Release|Any CPU.Build.0 = Release|Any CPU
		{AFC6B0C5-E516-57F4-CFC4-5DD4B6842E8D}.Debug|Any CPU.ActiveCfg = Debug|Any CPU
		{AFC6B0C5-E516-57F4-CFC4-5DD4B6842E8D}.Debug|Any CPU.Build.0 = Debug|Any CPU
		{AFC6B0C5-E516-57F4-CFC4-5DD4B6842E8D}.Release|Any CPU.ActiveCfg = Release|Any CPU
		{AFC6B0C5-E516-57F4-CFC4-5DD4B6842E8D}.Release|Any CPU.Build.0 = Release|Any CPU
		{5235E271-12B0-7385-AC1C-2B453C34B713}.Debug|Any CPU.ActiveCfg = Debug|Any CPU
		{5235E271-12B0-7385-AC1C-2B453C34B713}.Debug|Any CPU.Build.0 = Debug|Any CPU
		{5235E271-12B0-7385-AC1C-2B453C34B713}.Release|Any CPU.ActiveCfg = Release|Any CPU
		{5235E271-12B0-7385-AC1C-2B453C34B713}.Release|Any CPU.Build.0 = Release|Any CPU
		{5E39F09A-99D9-CB3E-9F2C-C65E4569E464}.Debug|Any CPU.ActiveCfg = Debug|Any CPU
		{5E39F09A-99D9-CB3E-9F2C-C65E4569E464}.Debug|Any CPU.Build.0 = Debug|Any CPU
		{5E39F09A-99D9-CB3E-9F2C-C65E4569E464}.Release|Any CPU.ActiveCfg = Release|Any CPU
		{5E39F09A-99D9-CB3E-9F2C-C65E4569E464}.Release|Any CPU.Build.0 = Release|Any CPU
		{1EED2777-DC47-9DED-B669-F24ECEC295FD}.Debug|Any CPU.ActiveCfg = Debug|Any CPU
		{1EED2777-DC47-9DED-B669-F24ECEC295FD}.Debug|Any CPU.Build.0 = Debug|Any CPU
		{1EED2777-DC47-9DED-B669-F24ECEC295FD}.Release|Any CPU.ActiveCfg = Release|Any CPU
		{1EED2777-DC47-9DED-B669-F24ECEC295FD}.Release|Any CPU.Build.0 = Release|Any CPU
		{5CA84582-B64C-8E17-D433-4D6B8CF8818E}.Debug|Any CPU.ActiveCfg = Debug|Any CPU
		{5CA84582-B64C-8E17-D433-4D6B8CF8818E}.Debug|Any CPU.Build.0 = Debug|Any CPU
		{5CA84582-B64C-8E17-D433-4D6B8CF8818E}.Release|Any CPU.ActiveCfg = Release|Any CPU
		{5CA84582-B64C-8E17-D433-4D6B8CF8818E}.Release|Any CPU.Build.0 = Release|Any CPU
		{E799379C-E607-6F88-48F9-02506E43C40A}.Debug|Any CPU.ActiveCfg = Debug|Any CPU
		{E799379C-E607-6F88-48F9-02506E43C40A}.Debug|Any CPU.Build.0 = Debug|Any CPU
		{E799379C-E607-6F88-48F9-02506E43C40A}.Release|Any CPU.ActiveCfg = Release|Any CPU
		{E799379C-E607-6F88-48F9-02506E43C40A}.Release|Any CPU.Build.0 = Release|Any CPU
		{3AA4821C-5724-E89E-2662-E643A3B5669B}.Debug|Any CPU.ActiveCfg = Debug|Any CPU
		{3AA4821C-5724-E89E-2662-E643A3B5669B}.Debug|Any CPU.Build.0 = Debug|Any CPU
		{3AA4821C-5724-E89E-2662-E643A3B5669B}.Release|Any CPU.ActiveCfg = Release|Any CPU
		{3AA4821C-5724-E89E-2662-E643A3B5669B}.Release|Any CPU.Build.0 = Release|Any CPU
		{344A974B-7BAE-94FC-2851-D69AF02D71F2}.Debug|Any CPU.ActiveCfg = Debug|Any CPU
		{344A974B-7BAE-94FC-2851-D69AF02D71F2}.Debug|Any CPU.Build.0 = Debug|Any CPU
		{344A974B-7BAE-94FC-2851-D69AF02D71F2}.Release|Any CPU.ActiveCfg = Release|Any CPU
		{344A974B-7BAE-94FC-2851-D69AF02D71F2}.Release|Any CPU.Build.0 = Release|Any CPU
		{8FB11B0D-C33A-E45F-30A2-99434C7774AA}.Debug|Any CPU.ActiveCfg = Debug|Any CPU
		{8FB11B0D-C33A-E45F-30A2-99434C7774AA}.Debug|Any CPU.Build.0 = Debug|Any CPU
		{8FB11B0D-C33A-E45F-30A2-99434C7774AA}.Release|Any CPU.ActiveCfg = Release|Any CPU
		{8FB11B0D-C33A-E45F-30A2-99434C7774AA}.Release|Any CPU.Build.0 = Release|Any CPU
		{36BC5870-F26E-EEAB-0B2D-2BE784B3844A}.Debug|Any CPU.ActiveCfg = Debug|Any CPU
		{36BC5870-F26E-EEAB-0B2D-2BE784B3844A}.Debug|Any CPU.Build.0 = Debug|Any CPU
		{36BC5870-F26E-EEAB-0B2D-2BE784B3844A}.Release|Any CPU.ActiveCfg = Release|Any CPU
		{36BC5870-F26E-EEAB-0B2D-2BE784B3844A}.Release|Any CPU.Build.0 = Release|Any CPU
		{8E76CE4A-D718-17DF-1EDC-8213CA5756A8}.Debug|Any CPU.ActiveCfg = Debug|Any CPU
		{8E76CE4A-D718-17DF-1EDC-8213CA5756A8}.Debug|Any CPU.Build.0 = Debug|Any CPU
		{8E76CE4A-D718-17DF-1EDC-8213CA5756A8}.Release|Any CPU.ActiveCfg = Release|Any CPU
		{8E76CE4A-D718-17DF-1EDC-8213CA5756A8}.Release|Any CPU.Build.0 = Release|Any CPU
		{10B01D18-B85F-4174-AC38-AEA20F58745A}.Debug|Any CPU.ActiveCfg = Debug|Any CPU
		{10B01D18-B85F-4174-AC38-AEA20F58745A}.Debug|Any CPU.Build.0 = Debug|Any CPU
		{10B01D18-B85F-4174-AC38-AEA20F58745A}.Release|Any CPU.ActiveCfg = Release|Any CPU
		{10B01D18-B85F-4174-AC38-AEA20F58745A}.Release|Any CPU.Build.0 = Release|Any CPU
		{31131A91-777F-9D97-AB2F-9E70D4D66788}.Debug|Any CPU.ActiveCfg = Debug|Any CPU
		{31131A91-777F-9D97-AB2F-9E70D4D66788}.Debug|Any CPU.Build.0 = Debug|Any CPU
		{31131A91-777F-9D97-AB2F-9E70D4D66788}.Release|Any CPU.ActiveCfg = Release|Any CPU
		{31131A91-777F-9D97-AB2F-9E70D4D66788}.Release|Any CPU.Build.0 = Release|Any CPU
		{4AD3131A-A873-0022-2E54-2F9255A4D928}.Debug|Any CPU.ActiveCfg = Debug|Any CPU
		{4AD3131A-A873-0022-2E54-2F9255A4D928}.Debug|Any CPU.Build.0 = Debug|Any CPU
		{4AD3131A-A873-0022-2E54-2F9255A4D928}.Release|Any CPU.ActiveCfg = Release|Any CPU
		{4AD3131A-A873-0022-2E54-2F9255A4D928}.Release|Any CPU.Build.0 = Release|Any CPU
		{9911B98D-7630-8745-112F-93B528247AF7}.Debug|Any CPU.ActiveCfg = Debug|Any CPU
		{9911B98D-7630-8745-112F-93B528247AF7}.Debug|Any CPU.Build.0 = Debug|Any CPU
		{9911B98D-7630-8745-112F-93B528247AF7}.Release|Any CPU.ActiveCfg = Release|Any CPU
		{9911B98D-7630-8745-112F-93B528247AF7}.Release|Any CPU.Build.0 = Release|Any CPU
		{3801DFF1-A213-5651-B79A-BCE1627B238C}.Debug|Any CPU.ActiveCfg = Debug|Any CPU
		{3801DFF1-A213-5651-B79A-BCE1627B238C}.Debug|Any CPU.Build.0 = Debug|Any CPU
		{3801DFF1-A213-5651-B79A-BCE1627B238C}.Release|Any CPU.ActiveCfg = Release|Any CPU
		{3801DFF1-A213-5651-B79A-BCE1627B238C}.Release|Any CPU.Build.0 = Release|Any CPU
		{16BA1691-FDA7-9682-FCCA-D6CFB6C060A3}.Debug|Any CPU.ActiveCfg = Debug|Any CPU
		{16BA1691-FDA7-9682-FCCA-D6CFB6C060A3}.Debug|Any CPU.Build.0 = Debug|Any CPU
		{16BA1691-FDA7-9682-FCCA-D6CFB6C060A3}.Release|Any CPU.ActiveCfg = Release|Any CPU
		{16BA1691-FDA7-9682-FCCA-D6CFB6C060A3}.Release|Any CPU.Build.0 = Release|Any CPU
	EndGlobalSection
	GlobalSection(SolutionProperties) = preSolution
		HideSolutionNode = FALSE
	EndGlobalSection
EndGlobal
